
Microsoft Visual Studio Solution File, Format Version 12.00
# Visual Studio Version 17
VisualStudioVersion = 17.3.32901.215
MinimumVisualStudioVersion = 10.0.40219.1
Project("{FAE04EC0-301F-11D3-BF4B-00C04F79EFBC}") = "Blogey.CM.Server", "Blogey.CM\Server\Blogey.CM.Server.csproj", "{90C5428A-25FC-4AED-BA3D-F30318878EF5}"
EndProject
Project("{FAE04EC0-301F-11D3-BF4B-00C04F79EFBC}") = "Blogey.CM.Client", "Blogey.CM\Client\Blogey.CM.Client.csproj", "{ACC48C83-24E2-4CB3-9E60-392FFC9EC66A}"
EndProject
Project("{FAE04EC0-301F-11D3-BF4B-00C04F79EFBC}") = "Blogey.CM.Shared", "Blogey.CM\Shared\Blogey.CM.Shared.csproj", "{AB3613F5-218F-4B79-B70E-A42CCF6A25FA}"
EndProject
Global
	GlobalSection(SolutionConfigurationPlatforms) = preSolution
		Debug|Any CPU = Debug|Any CPU
		Release|Any CPU = Release|Any CPU
	EndGlobalSection
	GlobalSection(ProjectConfigurationPlatforms) = postSolution
		{90C5428A-25FC-4AED-BA3D-F30318878EF5}.Debug|Any CPU.ActiveCfg = Debug|Any CPU
		{90C5428A-25FC-4AED-BA3D-F30318878EF5}.Debug|Any CPU.Build.0 = Debug|Any CPU
		{90C5428A-25FC-4AED-BA3D-F30318878EF5}.Release|Any CPU.ActiveCfg = Release|Any CPU
		{90C5428A-25FC-4AED-BA3D-F30318878EF5}.Release|Any CPU.Build.0 = Release|Any CPU
		{ACC48C83-24E2-4CB3-9E60-392FFC9EC66A}.Debug|Any CPU.ActiveCfg = Debug|Any CPU
		{ACC48C83-24E2-4CB3-9E60-392FFC9EC66A}.Debug|Any CPU.Build.0 = Debug|Any CPU
		{ACC48C83-24E2-4CB3-9E60-392FFC9EC66A}.Release|Any CPU.ActiveCfg = Release|Any CPU
		{ACC48C83-24E2-4CB3-9E60-392FFC9EC66A}.Release|Any CPU.Build.0 = Release|Any CPU
		{AB3613F5-218F-4B79-B70E-A42CCF6A25FA}.Debug|Any CPU.ActiveCfg = Debug|Any CPU
		{AB3613F5-218F-4B79-B70E-A42CCF6A25FA}.Debug|Any CPU.Build.0 = Debug|Any CPU
		{AB3613F5-218F-4B79-B70E-A42CCF6A25FA}.Release|Any CPU.ActiveCfg = Release|Any CPU
		{AB3613F5-218F-4B79-B70E-A42CCF6A25FA}.Release|Any CPU.Build.0 = Release|Any CPU
	EndGlobalSection
	GlobalSection(SolutionProperties) = preSolution
		HideSolutionNode = FALSE
	EndGlobalSection
	GlobalSection(ExtensibilityGlobals) = postSolution
		SolutionGuid = {039F610B-9F76-4EC6-B256-A0CB9305899E}
	EndGlobalSection
EndGlobal
